// !$*UTF8*$!
{
	archiveVersion = 1;
	classes = {
	};
	objectVersion = 50;
	objects = {

/* Begin PBXBuildFile section */
		2106ABC423C775AB00D91724 /* AppDelegate.swift in Sources */ = {isa = PBXBuildFile; fileRef = 2106ABC323C775AB00D91724 /* AppDelegate.swift */; };
		2106ABC623C775AB00D91724 /* MainViewController.swift in Sources */ = {isa = PBXBuildFile; fileRef = 2106ABC523C775AB00D91724 /* MainViewController.swift */; };
		2106ABC923C775AB00D91724 /* Main.storyboard in Resources */ = {isa = PBXBuildFile; fileRef = 2106ABC723C775AB00D91724 /* Main.storyboard */; };
		2106ABCB23C775AE00D91724 /* Assets.xcassets in Resources */ = {isa = PBXBuildFile; fileRef = 2106ABCA23C775AE00D91724 /* Assets.xcassets */; };
		2106ABCE23C775AE00D91724 /* LaunchScreen.storyboard in Resources */ = {isa = PBXBuildFile; fileRef = 2106ABCC23C775AE00D91724 /* LaunchScreen.storyboard */; };
		2106ABD923C775AE00D91724 /* TimekeeperTests.swift in Sources */ = {isa = PBXBuildFile; fileRef = 2106ABD823C775AE00D91724 /* TimekeeperTests.swift */; };
		2106ABE423C775AE00D91724 /* TimekeeperUITests.swift in Sources */ = {isa = PBXBuildFile; fileRef = 2106ABE323C775AE00D91724 /* TimekeeperUITests.swift */; };
		210F38F723D07920008D5C91 /* ToDoList.swift in Sources */ = {isa = PBXBuildFile; fileRef = 210F38F623D07920008D5C91 /* ToDoList.swift */; };
		210F390023D0D1E5008D5C91 /* MainViewContentUpdateDelegate.swift in Sources */ = {isa = PBXBuildFile; fileRef = 210F38FF23D0D1E5008D5C91 /* MainViewContentUpdateDelegate.swift */; };
		211DAC5C23E19158006CA1D3 /* DataModel.xcdatamodeld in Sources */ = {isa = PBXBuildFile; fileRef = 211DAC5A23E19158006CA1D3 /* DataModel.xcdatamodeld */; };
		217482A623E06FC100C6F9BD /* Settings.swift in Sources */ = {isa = PBXBuildFile; fileRef = 217482A523E06FC100C6F9BD /* Settings.swift */; };
		2179628B23CA24F700D5D955 /* ToDoListTableViewController.swift in Sources */ = {isa = PBXBuildFile; fileRef = 2179628A23CA24F700D5D955 /* ToDoListTableViewController.swift */; };
		2179628D23CA250F00D5D955 /* SettingsTableViewController.swift in Sources */ = {isa = PBXBuildFile; fileRef = 2179628C23CA250F00D5D955 /* SettingsTableViewController.swift */; };
		261D671D45C672F8B10A5BAA /* Pods_Timekeeper_TimekeeperUITests.framework in Frameworks */ = {isa = PBXBuildFile; fileRef = C245926D63455C27342B593B /* Pods_Timekeeper_TimekeeperUITests.framework */; };
		553AAE5EE8905F9DB163DABD /* Pods_TimekeeperTests.framework in Frameworks */ = {isa = PBXBuildFile; fileRef = D82FCCEF6DAD27D2B1FC84F5 /* Pods_TimekeeperTests.framework */; };
		AB8BF17CC237724B36F3C253 /* Pods_Timekeeper.framework in Frameworks */ = {isa = PBXBuildFile; fileRef = 5E5367981DB4420CF1B3913F /* Pods_Timekeeper.framework */; };
/* End PBXBuildFile section */

/* Begin PBXContainerItemProxy section */
		2106ABD523C775AE00D91724 /* PBXContainerItemProxy */ = {
			isa = PBXContainerItemProxy;
			containerPortal = 2106ABB823C775AB00D91724 /* Project object */;
			proxyType = 1;
			remoteGlobalIDString = 2106ABBF23C775AB00D91724;
			remoteInfo = Timekeeper;
		};
		2106ABE023C775AE00D91724 /* PBXContainerItemProxy */ = {
			isa = PBXContainerItemProxy;
			containerPortal = 2106ABB823C775AB00D91724 /* Project object */;
			proxyType = 1;
			remoteGlobalIDString = 2106ABBF23C775AB00D91724;
			remoteInfo = Timekeeper;
		};
/* End PBXContainerItemProxy section */

/* Begin PBXFileReference section */
		2106ABC023C775AB00D91724 /* Timekeeper.app */ = {isa = PBXFileReference; explicitFileType = wrapper.application; includeInIndex = 0; path = Timekeeper.app; sourceTree = BUILT_PRODUCTS_DIR; };
		2106ABC323C775AB00D91724 /* AppDelegate.swift */ = {isa = PBXFileReference; lastKnownFileType = sourcecode.swift; path = AppDelegate.swift; sourceTree = "<group>"; };
		2106ABC523C775AB00D91724 /* MainViewController.swift */ = {isa = PBXFileReference; lastKnownFileType = sourcecode.swift; path = MainViewController.swift; sourceTree = "<group>"; };
		2106ABC823C775AB00D91724 /* Base */ = {isa = PBXFileReference; lastKnownFileType = file.storyboard; name = Base; path = Base.lproj/Main.storyboard; sourceTree = "<group>"; };
		2106ABCA23C775AE00D91724 /* Assets.xcassets */ = {isa = PBXFileReference; lastKnownFileType = folder.assetcatalog; path = Assets.xcassets; sourceTree = "<group>"; };
		2106ABCD23C775AE00D91724 /* Base */ = {isa = PBXFileReference; lastKnownFileType = file.storyboard; name = Base; path = Base.lproj/LaunchScreen.storyboard; sourceTree = "<group>"; };
		2106ABCF23C775AE00D91724 /* Info.plist */ = {isa = PBXFileReference; lastKnownFileType = text.plist.xml; path = Info.plist; sourceTree = "<group>"; };
		2106ABD423C775AE00D91724 /* TimekeeperTests.xctest */ = {isa = PBXFileReference; explicitFileType = wrapper.cfbundle; includeInIndex = 0; path = TimekeeperTests.xctest; sourceTree = BUILT_PRODUCTS_DIR; };
		2106ABD823C775AE00D91724 /* TimekeeperTests.swift */ = {isa = PBXFileReference; lastKnownFileType = sourcecode.swift; path = TimekeeperTests.swift; sourceTree = "<group>"; };
		2106ABDA23C775AE00D91724 /* Info.plist */ = {isa = PBXFileReference; lastKnownFileType = text.plist.xml; path = Info.plist; sourceTree = "<group>"; };
		2106ABDF23C775AE00D91724 /* TimekeeperUITests.xctest */ = {isa = PBXFileReference; explicitFileType = wrapper.cfbundle; includeInIndex = 0; path = TimekeeperUITests.xctest; sourceTree = BUILT_PRODUCTS_DIR; };
		2106ABE323C775AE00D91724 /* TimekeeperUITests.swift */ = {isa = PBXFileReference; lastKnownFileType = sourcecode.swift; path = TimekeeperUITests.swift; sourceTree = "<group>"; };
		2106ABE523C775AE00D91724 /* Info.plist */ = {isa = PBXFileReference; lastKnownFileType = text.plist.xml; path = Info.plist; sourceTree = "<group>"; };
		210F38F623D07920008D5C91 /* ToDoList.swift */ = {isa = PBXFileReference; lastKnownFileType = sourcecode.swift; path = ToDoList.swift; sourceTree = "<group>"; };
		210F38FF23D0D1E5008D5C91 /* MainViewContentUpdateDelegate.swift */ = {isa = PBXFileReference; lastKnownFileType = sourcecode.swift; path = MainViewContentUpdateDelegate.swift; sourceTree = "<group>"; };
		211DAC5B23E19158006CA1D3 /* DataModel.xcdatamodel */ = {isa = PBXFileReference; lastKnownFileType = wrapper.xcdatamodel; path = DataModel.xcdatamodel; sourceTree = "<group>"; };
		217482A523E06FC100C6F9BD /* Settings.swift */ = {isa = PBXFileReference; lastKnownFileType = sourcecode.swift; path = Settings.swift; sourceTree = "<group>"; };
		2179628A23CA24F700D5D955 /* ToDoListTableViewController.swift */ = {isa = PBXFileReference; lastKnownFileType = sourcecode.swift; path = ToDoListTableViewController.swift; sourceTree = "<group>"; };
		2179628C23CA250F00D5D955 /* SettingsTableViewController.swift */ = {isa = PBXFileReference; lastKnownFileType = sourcecode.swift; path = SettingsTableViewController.swift; sourceTree = "<group>"; };
		2C670E1C7C3244BD1450E577 /* Pods-TimekeeperTests.release.xcconfig */ = {isa = PBXFileReference; includeInIndex = 1; lastKnownFileType = text.xcconfig; name = "Pods-TimekeeperTests.release.xcconfig"; path = "Target Support Files/Pods-TimekeeperTests/Pods-TimekeeperTests.release.xcconfig"; sourceTree = "<group>"; };
		31F926EF46ADBC5938F3C318 /* Pods-Timekeeper-TimekeeperUITests.debug.xcconfig */ = {isa = PBXFileReference; includeInIndex = 1; lastKnownFileType = text.xcconfig; name = "Pods-Timekeeper-TimekeeperUITests.debug.xcconfig"; path = "Target Support Files/Pods-Timekeeper-TimekeeperUITests/Pods-Timekeeper-TimekeeperUITests.debug.xcconfig"; sourceTree = "<group>"; };
		3CF3C71D39BD2D271DCBFF67 /* Pods-Timekeeper-TimekeeperUITests.release.xcconfig */ = {isa = PBXFileReference; includeInIndex = 1; lastKnownFileType = text.xcconfig; name = "Pods-Timekeeper-TimekeeperUITests.release.xcconfig"; path = "Target Support Files/Pods-Timekeeper-TimekeeperUITests/Pods-Timekeeper-TimekeeperUITests.release.xcconfig"; sourceTree = "<group>"; };
		5E5367981DB4420CF1B3913F /* Pods_Timekeeper.framework */ = {isa = PBXFileReference; explicitFileType = wrapper.framework; includeInIndex = 0; path = Pods_Timekeeper.framework; sourceTree = BUILT_PRODUCTS_DIR; };
		98AB7B785F4FAE87B3ED5FCE /* Pods-Timekeeper.release.xcconfig */ = {isa = PBXFileReference; includeInIndex = 1; lastKnownFileType = text.xcconfig; name = "Pods-Timekeeper.release.xcconfig"; path = "Target Support Files/Pods-Timekeeper/Pods-Timekeeper.release.xcconfig"; sourceTree = "<group>"; };
		C245926D63455C27342B593B /* Pods_Timekeeper_TimekeeperUITests.framework */ = {isa = PBXFileReference; explicitFileType = wrapper.framework; includeInIndex = 0; path = Pods_Timekeeper_TimekeeperUITests.framework; sourceTree = BUILT_PRODUCTS_DIR; };
		D82FCCEF6DAD27D2B1FC84F5 /* Pods_TimekeeperTests.framework */ = {isa = PBXFileReference; explicitFileType = wrapper.framework; includeInIndex = 0; path = Pods_TimekeeperTests.framework; sourceTree = BUILT_PRODUCTS_DIR; };
		E97E0945C11010BC8DD285C0 /* Pods-Timekeeper.debug.xcconfig */ = {isa = PBXFileReference; includeInIndex = 1; lastKnownFileType = text.xcconfig; name = "Pods-Timekeeper.debug.xcconfig"; path = "Target Support Files/Pods-Timekeeper/Pods-Timekeeper.debug.xcconfig"; sourceTree = "<group>"; };
		F60B6E0DFE550A7CFAF17A40 /* Pods-TimekeeperTests.debug.xcconfig */ = {isa = PBXFileReference; includeInIndex = 1; lastKnownFileType = text.xcconfig; name = "Pods-TimekeeperTests.debug.xcconfig"; path = "Target Support Files/Pods-TimekeeperTests/Pods-TimekeeperTests.debug.xcconfig"; sourceTree = "<group>"; };
/* End PBXFileReference section */

/* Begin PBXFrameworksBuildPhase section */
		2106ABBD23C775AB00D91724 /* Frameworks */ = {
			isa = PBXFrameworksBuildPhase;
			buildActionMask = 2147483647;
			files = (
				AB8BF17CC237724B36F3C253 /* Pods_Timekeeper.framework in Frameworks */,
			);
			runOnlyForDeploymentPostprocessing = 0;
		};
		2106ABD123C775AE00D91724 /* Frameworks */ = {
			isa = PBXFrameworksBuildPhase;
			buildActionMask = 2147483647;
			files = (
				553AAE5EE8905F9DB163DABD /* Pods_TimekeeperTests.framework in Frameworks */,
			);
			runOnlyForDeploymentPostprocessing = 0;
		};
		2106ABDC23C775AE00D91724 /* Frameworks */ = {
			isa = PBXFrameworksBuildPhase;
			buildActionMask = 2147483647;
			files = (
				261D671D45C672F8B10A5BAA /* Pods_Timekeeper_TimekeeperUITests.framework in Frameworks */,
			);
			runOnlyForDeploymentPostprocessing = 0;
		};
/* End PBXFrameworksBuildPhase section */

/* Begin PBXGroup section */
		2106ABB723C775AB00D91724 = {
			isa = PBXGroup;
			children = (
				2106ABC223C775AB00D91724 /* Timekeeper */,
				2106ABD723C775AE00D91724 /* TimekeeperTests */,
				2106ABE223C775AE00D91724 /* TimekeeperUITests */,
				2106ABC123C775AB00D91724 /* Products */,
				F3BD690338478F76A9359A11 /* Pods */,
				8E4F221E1BA652B67AF0BD61 /* Frameworks */,
			);
			sourceTree = "<group>";
		};
		2106ABC123C775AB00D91724 /* Products */ = {
			isa = PBXGroup;
			children = (
				2106ABC023C775AB00D91724 /* Timekeeper.app */,
				2106ABD423C775AE00D91724 /* TimekeeperTests.xctest */,
				2106ABDF23C775AE00D91724 /* TimekeeperUITests.xctest */,
			);
			name = Products;
			sourceTree = "<group>";
		};
		2106ABC223C775AB00D91724 /* Timekeeper */ = {
			isa = PBXGroup;
			children = (
				2106ABC323C775AB00D91724 /* AppDelegate.swift */,
				210F38FE23D0D1D2008D5C91 /* Delegates */,
				210F38FB23D07959008D5C91 /* Model */,
				210F38FC23D0796D008D5C91 /* View */,
				210F38FD23D0798B008D5C91 /* Controller */,
				2106ABCA23C775AE00D91724 /* Assets.xcassets */,
				2106ABCC23C775AE00D91724 /* LaunchScreen.storyboard */,
				2106ABCF23C775AE00D91724 /* Info.plist */,
			);
			path = Timekeeper;
			sourceTree = "<group>";
		};
		2106ABD723C775AE00D91724 /* TimekeeperTests */ = {
			isa = PBXGroup;
			children = (
				2106ABD823C775AE00D91724 /* TimekeeperTests.swift */,
				2106ABDA23C775AE00D91724 /* Info.plist */,
			);
			path = TimekeeperTests;
			sourceTree = "<group>";
		};
		2106ABE223C775AE00D91724 /* TimekeeperUITests */ = {
			isa = PBXGroup;
			children = (
				2106ABE323C775AE00D91724 /* TimekeeperUITests.swift */,
				2106ABE523C775AE00D91724 /* Info.plist */,
			);
			path = TimekeeperUITests;
			sourceTree = "<group>";
		};
		210F38FB23D07959008D5C91 /* Model */ = {
			isa = PBXGroup;
			children = (
				211DAC5A23E19158006CA1D3 /* DataModel.xcdatamodeld */,
				210F38F623D07920008D5C91 /* ToDoList.swift */,
				217482A523E06FC100C6F9BD /* Settings.swift */,
			);
			path = Model;
			sourceTree = "<group>";
		};
		210F38FC23D0796D008D5C91 /* View */ = {
			isa = PBXGroup;
			children = (
				2106ABC723C775AB00D91724 /* Main.storyboard */,
			);
			path = View;
			sourceTree = "<group>";
		};
		210F38FD23D0798B008D5C91 /* Controller */ = {
			isa = PBXGroup;
			children = (
				2106ABC523C775AB00D91724 /* MainViewController.swift */,
				2179628A23CA24F700D5D955 /* ToDoListTableViewController.swift */,
				2179628C23CA250F00D5D955 /* SettingsTableViewController.swift */,
			);
			path = Controller;
			sourceTree = "<group>";
		};
		210F38FE23D0D1D2008D5C91 /* Delegates */ = {
			isa = PBXGroup;
			children = (
				210F38FF23D0D1E5008D5C91 /* MainViewContentUpdateDelegate.swift */,
			);
			path = Delegates;
			sourceTree = "<group>";
		};
		8E4F221E1BA652B67AF0BD61 /* Frameworks */ = {
			isa = PBXGroup;
			children = (
				5E5367981DB4420CF1B3913F /* Pods_Timekeeper.framework */,
				C245926D63455C27342B593B /* Pods_Timekeeper_TimekeeperUITests.framework */,
				D82FCCEF6DAD27D2B1FC84F5 /* Pods_TimekeeperTests.framework */,
			);
			name = Frameworks;
			sourceTree = "<group>";
		};
		F3BD690338478F76A9359A11 /* Pods */ = {
			isa = PBXGroup;
			children = (
				E97E0945C11010BC8DD285C0 /* Pods-Timekeeper.debug.xcconfig */,
				98AB7B785F4FAE87B3ED5FCE /* Pods-Timekeeper.release.xcconfig */,
				31F926EF46ADBC5938F3C318 /* Pods-Timekeeper-TimekeeperUITests.debug.xcconfig */,
				3CF3C71D39BD2D271DCBFF67 /* Pods-Timekeeper-TimekeeperUITests.release.xcconfig */,
				F60B6E0DFE550A7CFAF17A40 /* Pods-TimekeeperTests.debug.xcconfig */,
				2C670E1C7C3244BD1450E577 /* Pods-TimekeeperTests.release.xcconfig */,
			);
			path = Pods;
			sourceTree = "<group>";
		};
/* End PBXGroup section */

/* Begin PBXNativeTarget section */
		2106ABBF23C775AB00D91724 /* Timekeeper */ = {
			isa = PBXNativeTarget;
			buildConfigurationList = 2106ABE823C775AE00D91724 /* Build configuration list for PBXNativeTarget "Timekeeper" */;
			buildPhases = (
				CB4DFF40B90B0D47F2F719F1 /* [CP] Check Pods Manifest.lock */,
				2106ABBC23C775AB00D91724 /* Sources */,
				2106ABBD23C775AB00D91724 /* Frameworks */,
				2106ABBE23C775AB00D91724 /* Resources */,
				7033A0F6D590D66C4B5EB672 /* [CP] Embed Pods Frameworks */,
			);
			buildRules = (
			);
			dependencies = (
			);
			name = Timekeeper;
			productName = Timekeeper;
			productReference = 2106ABC023C775AB00D91724 /* Timekeeper.app */;
			productType = "com.apple.product-type.application";
		};
		2106ABD323C775AE00D91724 /* TimekeeperTests */ = {
			isa = PBXNativeTarget;
			buildConfigurationList = 2106ABEB23C775AE00D91724 /* Build configuration list for PBXNativeTarget "TimekeeperTests" */;
			buildPhases = (
				60DC43B7FABCBE0AE5DDBBCB /* [CP] Check Pods Manifest.lock */,
				2106ABD023C775AE00D91724 /* Sources */,
				2106ABD123C775AE00D91724 /* Frameworks */,
				2106ABD223C775AE00D91724 /* Resources */,
			);
			buildRules = (
			);
			dependencies = (
				2106ABD623C775AE00D91724 /* PBXTargetDependency */,
			);
			name = TimekeeperTests;
			productName = TimekeeperTests;
			productReference = 2106ABD423C775AE00D91724 /* TimekeeperTests.xctest */;
			productType = "com.apple.product-type.bundle.unit-test";
		};
		2106ABDE23C775AE00D91724 /* TimekeeperUITests */ = {
			isa = PBXNativeTarget;
			buildConfigurationList = 2106ABEE23C775AE00D91724 /* Build configuration list for PBXNativeTarget "TimekeeperUITests" */;
			buildPhases = (
				9A095E6A3FC2579A36F30DAA /* [CP] Check Pods Manifest.lock */,
				2106ABDB23C775AE00D91724 /* Sources */,
				2106ABDC23C775AE00D91724 /* Frameworks */,
				2106ABDD23C775AE00D91724 /* Resources */,
				2537FC1EFC7D08804B43386A /* [CP] Embed Pods Frameworks */,
			);
			buildRules = (
			);
			dependencies = (
				2106ABE123C775AE00D91724 /* PBXTargetDependency */,
			);
			name = TimekeeperUITests;
			productName = TimekeeperUITests;
			productReference = 2106ABDF23C775AE00D91724 /* TimekeeperUITests.xctest */;
			productType = "com.apple.product-type.bundle.ui-testing";
		};
/* End PBXNativeTarget section */

/* Begin PBXProject section */
		2106ABB823C775AB00D91724 /* Project object */ = {
			isa = PBXProject;
			attributes = {
				LastSwiftUpdateCheck = 0940;
				LastUpgradeCheck = 0940;
				ORGANIZATIONNAME = "Piotr Kłobukowski";
				TargetAttributes = {
					2106ABBF23C775AB00D91724 = {
						CreatedOnToolsVersion = 9.4.1;
					};
					2106ABD323C775AE00D91724 = {
						CreatedOnToolsVersion = 9.4.1;
						TestTargetID = 2106ABBF23C775AB00D91724;
					};
					2106ABDE23C775AE00D91724 = {
						CreatedOnToolsVersion = 9.4.1;
						TestTargetID = 2106ABBF23C775AB00D91724;
					};
				};
			};
			buildConfigurationList = 2106ABBB23C775AB00D91724 /* Build configuration list for PBXProject "Timekeeper" */;
			compatibilityVersion = "Xcode 9.3";
			developmentRegion = en;
			hasScannedForEncodings = 0;
			knownRegions = (
				en,
				Base,
			);
			mainGroup = 2106ABB723C775AB00D91724;
			productRefGroup = 2106ABC123C775AB00D91724 /* Products */;
			projectDirPath = "";
			projectRoot = "";
			targets = (
				2106ABBF23C775AB00D91724 /* Timekeeper */,
				2106ABD323C775AE00D91724 /* TimekeeperTests */,
				2106ABDE23C775AE00D91724 /* TimekeeperUITests */,
			);
		};
/* End PBXProject section */

/* Begin PBXResourcesBuildPhase section */
		2106ABBE23C775AB00D91724 /* Resources */ = {
			isa = PBXResourcesBuildPhase;
			buildActionMask = 2147483647;
			files = (
				2106ABCE23C775AE00D91724 /* LaunchScreen.storyboard in Resources */,
				2106ABCB23C775AE00D91724 /* Assets.xcassets in Resources */,
				2106ABC923C775AB00D91724 /* Main.storyboard in Resources */,
			);
			runOnlyForDeploymentPostprocessing = 0;
		};
		2106ABD223C775AE00D91724 /* Resources */ = {
			isa = PBXResourcesBuildPhase;
			buildActionMask = 2147483647;
			files = (
			);
			runOnlyForDeploymentPostprocessing = 0;
		};
		2106ABDD23C775AE00D91724 /* Resources */ = {
			isa = PBXResourcesBuildPhase;
			buildActionMask = 2147483647;
			files = (
			);
			runOnlyForDeploymentPostprocessing = 0;
		};
/* End PBXResourcesBuildPhase section */

/* Begin PBXShellScriptBuildPhase section */
		2537FC1EFC7D08804B43386A /* [CP] Embed Pods Frameworks */ = {
			isa = PBXShellScriptBuildPhase;
			buildActionMask = 2147483647;
			files = (
			);
			name = "[CP] Embed Pods Frameworks";
			runOnlyForDeploymentPostprocessing = 0;
			shellPath = /bin/sh;
			shellScript = "\"${PODS_ROOT}/Target Support Files/Pods-Timekeeper-TimekeeperUITests/Pods-Timekeeper-TimekeeperUITests-frameworks.sh\"\n";
			showEnvVarsInLog = 0;
		};
		60DC43B7FABCBE0AE5DDBBCB /* [CP] Check Pods Manifest.lock */ = {
			isa = PBXShellScriptBuildPhase;
			buildActionMask = 2147483647;
			files = (
			);
			inputPaths = (
				"${PODS_PODFILE_DIR_PATH}/Podfile.lock",
				"${PODS_ROOT}/Manifest.lock",
			);
			name = "[CP] Check Pods Manifest.lock";
			outputPaths = (
				"$(DERIVED_FILE_DIR)/Pods-TimekeeperTests-checkManifestLockResult.txt",
			);
			runOnlyForDeploymentPostprocessing = 0;
			shellPath = /bin/sh;
			shellScript = "diff \"${PODS_PODFILE_DIR_PATH}/Podfile.lock\" \"${PODS_ROOT}/Manifest.lock\" > /dev/null\nif [ $? != 0 ] ; then\n    # print error to STDERR\n    echo \"error: The sandbox is not in sync with the Podfile.lock. Run 'pod install' or update your CocoaPods installation.\" >&2\n    exit 1\nfi\n# This output is used by Xcode 'outputs' to avoid re-running this script phase.\necho \"SUCCESS\" > \"${SCRIPT_OUTPUT_FILE_0}\"\n";
			showEnvVarsInLog = 0;
		};
		7033A0F6D590D66C4B5EB672 /* [CP] Embed Pods Frameworks */ = {
			isa = PBXShellScriptBuildPhase;
			buildActionMask = 2147483647;
			files = (
			);
			name = "[CP] Embed Pods Frameworks";
			runOnlyForDeploymentPostprocessing = 0;
			shellPath = /bin/sh;
			shellScript = "\"${PODS_ROOT}/Target Support Files/Pods-Timekeeper/Pods-Timekeeper-frameworks.sh\"\n";
			showEnvVarsInLog = 0;
		};
		9A095E6A3FC2579A36F30DAA /* [CP] Check Pods Manifest.lock */ = {
			isa = PBXShellScriptBuildPhase;
			buildActionMask = 2147483647;
			files = (
			);
			inputPaths = (
				"${PODS_PODFILE_DIR_PATH}/Podfile.lock",
				"${PODS_ROOT}/Manifest.lock",
			);
			name = "[CP] Check Pods Manifest.lock";
			outputPaths = (
				"$(DERIVED_FILE_DIR)/Pods-Timekeeper-TimekeeperUITests-checkManifestLockResult.txt",
			);
			runOnlyForDeploymentPostprocessing = 0;
			shellPath = /bin/sh;
			shellScript = "diff \"${PODS_PODFILE_DIR_PATH}/Podfile.lock\" \"${PODS_ROOT}/Manifest.lock\" > /dev/null\nif [ $? != 0 ] ; then\n    # print error to STDERR\n    echo \"error: The sandbox is not in sync with the Podfile.lock. Run 'pod install' or update your CocoaPods installation.\" >&2\n    exit 1\nfi\n# This output is used by Xcode 'outputs' to avoid re-running this script phase.\necho \"SUCCESS\" > \"${SCRIPT_OUTPUT_FILE_0}\"\n";
			showEnvVarsInLog = 0;
		};
		CB4DFF40B90B0D47F2F719F1 /* [CP] Check Pods Manifest.lock */ = {
			isa = PBXShellScriptBuildPhase;
			buildActionMask = 2147483647;
			files = (
			);
			inputPaths = (
				"${PODS_PODFILE_DIR_PATH}/Podfile.lock",
				"${PODS_ROOT}/Manifest.lock",
			);
			name = "[CP] Check Pods Manifest.lock";
			outputPaths = (
				"$(DERIVED_FILE_DIR)/Pods-Timekeeper-checkManifestLockResult.txt",
			);
			runOnlyForDeploymentPostprocessing = 0;
			shellPath = /bin/sh;
			shellScript = "diff \"${PODS_PODFILE_DIR_PATH}/Podfile.lock\" \"${PODS_ROOT}/Manifest.lock\" > /dev/null\nif [ $? != 0 ] ; then\n    # print error to STDERR\n    echo \"error: The sandbox is not in sync with the Podfile.lock. Run 'pod install' or update your CocoaPods installation.\" >&2\n    exit 1\nfi\n# This output is used by Xcode 'outputs' to avoid re-running this script phase.\necho \"SUCCESS\" > \"${SCRIPT_OUTPUT_FILE_0}\"\n";
			showEnvVarsInLog = 0;
		};
/* End PBXShellScriptBuildPhase section */

/* Begin PBXSourcesBuildPhase section */
		2106ABBC23C775AB00D91724 /* Sources */ = {
			isa = PBXSourcesBuildPhase;
			buildActionMask = 2147483647;
			files = (
				210F390023D0D1E5008D5C91 /* MainViewContentUpdateDelegate.swift in Sources */,
				211DAC5C23E19158006CA1D3 /* DataModel.xcdatamodeld in Sources */,
				2179628D23CA250F00D5D955 /* SettingsTableViewController.swift in Sources */,
				217482A623E06FC100C6F9BD /* Settings.swift in Sources */,
				2106ABC623C775AB00D91724 /* MainViewController.swift in Sources */,
				210F38F723D07920008D5C91 /* ToDoList.swift in Sources */,
				2106ABC423C775AB00D91724 /* AppDelegate.swift in Sources */,
				2179628B23CA24F700D5D955 /* ToDoListTableViewController.swift in Sources */,
			);
			runOnlyForDeploymentPostprocessing = 0;
		};
		2106ABD023C775AE00D91724 /* Sources */ = {
			isa = PBXSourcesBuildPhase;
			buildActionMask = 2147483647;
			files = (
				2106ABD923C775AE00D91724 /* TimekeeperTests.swift in Sources */,
			);
			runOnlyForDeploymentPostprocessing = 0;
		};
		2106ABDB23C775AE00D91724 /* Sources */ = {
			isa = PBXSourcesBuildPhase;
			buildActionMask = 2147483647;
			files = (
				2106ABE423C775AE00D91724 /* TimekeeperUITests.swift in Sources */,
			);
			runOnlyForDeploymentPostprocessing = 0;
		};
/* End PBXSourcesBuildPhase section */

/* Begin PBXTargetDependency section */
		2106ABD623C775AE00D91724 /* PBXTargetDependency */ = {
			isa = PBXTargetDependency;
			target = 2106ABBF23C775AB00D91724 /* Timekeeper */;
			targetProxy = 2106ABD523C775AE00D91724 /* PBXContainerItemProxy */;
		};
		2106ABE123C775AE00D91724 /* PBXTargetDependency */ = {
			isa = PBXTargetDependency;
			target = 2106ABBF23C775AB00D91724 /* Timekeeper */;
			targetProxy = 2106ABE023C775AE00D91724 /* PBXContainerItemProxy */;
		};
/* End PBXTargetDependency section */

/* Begin PBXVariantGroup section */
		2106ABC723C775AB00D91724 /* Main.storyboard */ = {
			isa = PBXVariantGroup;
			children = (
				2106ABC823C775AB00D91724 /* Base */,
			);
			name = Main.storyboard;
			sourceTree = "<group>";
		};
		2106ABCC23C775AE00D91724 /* LaunchScreen.storyboard */ = {
			isa = PBXVariantGroup;
			children = (
				2106ABCD23C775AE00D91724 /* Base */,
			);
			name = LaunchScreen.storyboard;
			sourceTree = "<group>";
		};
/* End PBXVariantGroup section */

/* Begin XCBuildConfiguration section */
		2106ABE623C775AE00D91724 /* Debug */ = {
			isa = XCBuildConfiguration;
			buildSettings = {
				ALWAYS_SEARCH_USER_PATHS = NO;
				CLANG_ANALYZER_NONNULL = YES;
				CLANG_ANALYZER_NUMBER_OBJECT_CONVERSION = YES_AGGRESSIVE;
				CLANG_CXX_LANGUAGE_STANDARD = "gnu++14";
				CLANG_CXX_LIBRARY = "libc++";
				CLANG_ENABLE_MODULES = YES;
				CLANG_ENABLE_OBJC_ARC = YES;
				CLANG_ENABLE_OBJC_WEAK = YES;
				CLANG_WARN_BLOCK_CAPTURE_AUTORELEASING = YES;
				CLANG_WARN_BOOL_CONVERSION = YES;
				CLANG_WARN_COMMA = YES;
				CLANG_WARN_CONSTANT_CONVERSION = YES;
				CLANG_WARN_DEPRECATED_OBJC_IMPLEMENTATIONS = YES;
				CLANG_WARN_DIRECT_OBJC_ISA_USAGE = YES_ERROR;
				CLANG_WARN_DOCUMENTATION_COMMENTS = YES;
				CLANG_WARN_EMPTY_BODY = YES;
				CLANG_WARN_ENUM_CONVERSION = YES;
				CLANG_WARN_INFINITE_RECURSION = YES;
				CLANG_WARN_INT_CONVERSION = YES;
				CLANG_WARN_NON_LITERAL_NULL_CONVERSION = YES;
				CLANG_WARN_OBJC_IMPLICIT_RETAIN_SELF = YES;
				CLANG_WARN_OBJC_LITERAL_CONVERSION = YES;
				CLANG_WARN_OBJC_ROOT_CLASS = YES_ERROR;
				CLANG_WARN_RANGE_LOOP_ANALYSIS = YES;
				CLANG_WARN_STRICT_PROTOTYPES = YES;
				CLANG_WARN_SUSPICIOUS_MOVE = YES;
				CLANG_WARN_UNGUARDED_AVAILABILITY = YES_AGGRESSIVE;
				CLANG_WARN_UNREACHABLE_CODE = YES;
				CLANG_WARN__DUPLICATE_METHOD_MATCH = YES;
				CODE_SIGN_IDENTITY = "iPhone Developer";
				COPY_PHASE_STRIP = NO;
				DEBUG_INFORMATION_FORMAT = dwarf;
				ENABLE_STRICT_OBJC_MSGSEND = YES;
				ENABLE_TESTABILITY = YES;
				GCC_C_LANGUAGE_STANDARD = gnu11;
				GCC_DYNAMIC_NO_PIC = NO;
				GCC_NO_COMMON_BLOCKS = YES;
				GCC_OPTIMIZATION_LEVEL = 0;
				GCC_PREPROCESSOR_DEFINITIONS = (
					"DEBUG=1",
					"$(inherited)",
				);
				GCC_WARN_64_TO_32_BIT_CONVERSION = YES;
				GCC_WARN_ABOUT_RETURN_TYPE = YES_ERROR;
				GCC_WARN_UNDECLARED_SELECTOR = YES;
				GCC_WARN_UNINITIALIZED_AUTOS = YES_AGGRESSIVE;
				GCC_WARN_UNUSED_FUNCTION = YES;
				GCC_WARN_UNUSED_VARIABLE = YES;
				IPHONEOS_DEPLOYMENT_TARGET = 11.4;
				MTL_ENABLE_DEBUG_INFO = YES;
				ONLY_ACTIVE_ARCH = YES;
				SDKROOT = iphoneos;
				SWIFT_ACTIVE_COMPILATION_CONDITIONS = DEBUG;
				SWIFT_OPTIMIZATION_LEVEL = "-Onone";
			};
			name = Debug;
		};
		2106ABE723C775AE00D91724 /* Release */ = {
			isa = XCBuildConfiguration;
			buildSettings = {
				ALWAYS_SEARCH_USER_PATHS = NO;
				CLANG_ANALYZER_NONNULL = YES;
				CLANG_ANALYZER_NUMBER_OBJECT_CONVERSION = YES_AGGRESSIVE;
				CLANG_CXX_LANGUAGE_STANDARD = "gnu++14";
				CLANG_CXX_LIBRARY = "libc++";
				CLANG_ENABLE_MODULES = YES;
				CLANG_ENABLE_OBJC_ARC = YES;
				CLANG_ENABLE_OBJC_WEAK = YES;
				CLANG_WARN_BLOCK_CAPTURE_AUTORELEASING = YES;
				CLANG_WARN_BOOL_CONVERSION = YES;
				CLANG_WARN_COMMA = YES;
				CLANG_WARN_CONSTANT_CONVERSION = YES;
				CLANG_WARN_DEPRECATED_OBJC_IMPLEMENTATIONS = YES;
				CLANG_WARN_DIRECT_OBJC_ISA_USAGE = YES_ERROR;
				CLANG_WARN_DOCUMENTATION_COMMENTS = YES;
				CLANG_WARN_EMPTY_BODY = YES;
				CLANG_WARN_ENUM_CONVERSION = YES;
				CLANG_WARN_INFINITE_RECURSION = YES;
				CLANG_WARN_INT_CONVERSION = YES;
				CLANG_WARN_NON_LITERAL_NULL_CONVERSION = YES;
				CLANG_WARN_OBJC_IMPLICIT_RETAIN_SELF = YES;
				CLANG_WARN_OBJC_LITERAL_CONVERSION = YES;
				CLANG_WARN_OBJC_ROOT_CLASS = YES_ERROR;
				CLANG_WARN_RANGE_LOOP_ANALYSIS = YES;
				CLANG_WARN_STRICT_PROTOTYPES = YES;
				CLANG_WARN_SUSPICIOUS_MOVE = YES;
				CLANG_WARN_UNGUARDED_AVAILABILITY = YES_AGGRESSIVE;
				CLANG_WARN_UNREACHABLE_CODE = YES;
				CLANG_WARN__DUPLICATE_METHOD_MATCH = YES;
				CODE_SIGN_IDENTITY = "iPhone Developer";
				COPY_PHASE_STRIP = NO;
				DEBUG_INFORMATION_FORMAT = "dwarf-with-dsym";
				ENABLE_NS_ASSERTIONS = NO;
				ENABLE_STRICT_OBJC_MSGSEND = YES;
				GCC_C_LANGUAGE_STANDARD = gnu11;
				GCC_NO_COMMON_BLOCKS = YES;
				GCC_WARN_64_TO_32_BIT_CONVERSION = YES;
				GCC_WARN_ABOUT_RETURN_TYPE = YES_ERROR;
				GCC_WARN_UNDECLARED_SELECTOR = YES;
				GCC_WARN_UNINITIALIZED_AUTOS = YES_AGGRESSIVE;
				GCC_WARN_UNUSED_FUNCTION = YES;
				GCC_WARN_UNUSED_VARIABLE = YES;
				IPHONEOS_DEPLOYMENT_TARGET = 11.4;
				MTL_ENABLE_DEBUG_INFO = NO;
				SDKROOT = iphoneos;
				SWIFT_COMPILATION_MODE = wholemodule;
				SWIFT_OPTIMIZATION_LEVEL = "-O";
				VALIDATE_PRODUCT = YES;
			};
			name = Release;
		};
		2106ABE923C775AE00D91724 /* Debug */ = {
			isa = XCBuildConfiguration;
			baseConfigurationReference = E97E0945C11010BC8DD285C0 /* Pods-Timekeeper.debug.xcconfig */;
			buildSettings = {
				ASSETCATALOG_COMPILER_APPICON_NAME = AppIcon;
				CODE_SIGN_STYLE = Automatic;
				INFOPLIST_FILE = Timekeeper/Info.plist;
				LD_RUNPATH_SEARCH_PATHS = (
					"$(inherited)",
					"@executable_path/Frameworks",
				);
				PRODUCT_BUNDLE_IDENTIFIER = com.PiotrKlobukowski.Timekeeper;
				PRODUCT_NAME = "$(TARGET_NAME)";
				SWIFT_VERSION = 4.0;
				TARGETED_DEVICE_FAMILY = 1;
			};
			name = Debug;
		};
		2106ABEA23C775AE00D91724 /* Release */ = {
			isa = XCBuildConfiguration;
			baseConfigurationReference = 98AB7B785F4FAE87B3ED5FCE /* Pods-Timekeeper.release.xcconfig */;
			buildSettings = {
				ASSETCATALOG_COMPILER_APPICON_NAME = AppIcon;
				CODE_SIGN_STYLE = Automatic;
				INFOPLIST_FILE = Timekeeper/Info.plist;
				LD_RUNPATH_SEARCH_PATHS = (
					"$(inherited)",
					"@executable_path/Frameworks",
				);
				PRODUCT_BUNDLE_IDENTIFIER = com.PiotrKlobukowski.Timekeeper;
				PRODUCT_NAME = "$(TARGET_NAME)";
				SWIFT_VERSION = 4.0;
				TARGETED_DEVICE_FAMILY = 1;
			};
			name = Release;
		};
		2106ABEC23C775AE00D91724 /* Debug */ = {
			isa = XCBuildConfiguration;
			baseConfigurationReference = F60B6E0DFE550A7CFAF17A40 /* Pods-TimekeeperTests.debug.xcconfig */;
			buildSettings = {
				BUNDLE_LOADER = "$(TEST_HOST)";
				CODE_SIGN_STYLE = Automatic;
				INFOPLIST_FILE = TimekeeperTests/Info.plist;
				LD_RUNPATH_SEARCH_PATHS = (
					"$(inherited)",
					"@executable_path/Frameworks",
					"@loader_path/Frameworks",
				);
				PRODUCT_BUNDLE_IDENTIFIER = com.PiotrKlobukowski.TimekeeperTests;
				PRODUCT_NAME = "$(TARGET_NAME)";
				SWIFT_VERSION = 4.0;
				TARGETED_DEVICE_FAMILY = "1,2";
				TEST_HOST = "$(BUILT_PRODUCTS_DIR)/Timekeeper.app/Timekeeper";
			};
			name = Debug;
		};
		2106ABED23C775AE00D91724 /* Release */ = {
			isa = XCBuildConfiguration;
			baseConfigurationReference = 2C670E1C7C3244BD1450E577 /* Pods-TimekeeperTests.release.xcconfig */;
			buildSettings = {
				BUNDLE_LOADER = "$(TEST_HOST)";
				CODE_SIGN_STYLE = Automatic;
				INFOPLIST_FILE = TimekeeperTests/Info.plist;
				LD_RUNPATH_SEARCH_PATHS = (
					"$(inherited)",
					"@executable_path/Frameworks",
					"@loader_path/Frameworks",
				);
				PRODUCT_BUNDLE_IDENTIFIER = com.PiotrKlobukowski.TimekeeperTests;
				PRODUCT_NAME = "$(TARGET_NAME)";
				SWIFT_VERSION = 4.0;
				TARGETED_DEVICE_FAMILY = "1,2";
				TEST_HOST = "$(BUILT_PRODUCTS_DIR)/Timekeeper.app/Timekeeper";
			};
			name = Release;
		};
		2106ABEF23C775AE00D91724 /* Debug */ = {
			isa = XCBuildConfiguration;
			baseConfigurationReference = 31F926EF46ADBC5938F3C318 /* Pods-Timekeeper-TimekeeperUITests.debug.xcconfig */;
			buildSettings = {
				CODE_SIGN_STYLE = Automatic;
				INFOPLIST_FILE = TimekeeperUITests/Info.plist;
				LD_RUNPATH_SEARCH_PATHS = (
					"$(inherited)",
					"@executable_path/Frameworks",
					"@loader_path/Frameworks",
				);
				PRODUCT_BUNDLE_IDENTIFIER = com.PiotrKlobukowski.TimekeeperUITests;
				PRODUCT_NAME = "$(TARGET_NAME)";
				SWIFT_VERSION = 4.0;
				TARGETED_DEVICE_FAMILY = "1,2";
				TEST_TARGET_NAME = Timekeeper;
			};
			name = Debug;
		};
		2106ABF023C775AE00D91724 /* Release */ = {
			isa = XCBuildConfiguration;
			baseConfigurationReference = 3CF3C71D39BD2D271DCBFF67 /* Pods-Timekeeper-TimekeeperUITests.release.xcconfig */;
			buildSettings = {
				CODE_SIGN_STYLE = Automatic;
				INFOPLIST_FILE = TimekeeperUITests/Info.plist;
				LD_RUNPATH_SEARCH_PATHS = (
					"$(inherited)",
					"@executable_path/Frameworks",
					"@loader_path/Frameworks",
				);
				PRODUCT_BUNDLE_IDENTIFIER = com.PiotrKlobukowski.TimekeeperUITests;
				PRODUCT_NAME = "$(TARGET_NAME)";
				SWIFT_VERSION = 4.0;
				TARGETED_DEVICE_FAMILY = "1,2";
				TEST_TARGET_NAME = Timekeeper;
			};
			name = Release;
		};
/* End XCBuildConfiguration section */

/* Begin XCConfigurationList section */
		2106ABBB23C775AB00D91724 /* Build configuration list for PBXProject "Timekeeper" */ = {
			isa = XCConfigurationList;
			buildConfigurations = (
				2106ABE623C775AE00D91724 /* Debug */,
				2106ABE723C775AE00D91724 /* Release */,
			);
			defaultConfigurationIsVisible = 0;
			defaultConfigurationName = Release;
		};
		2106ABE823C775AE00D91724 /* Build configuration list for PBXNativeTarget "Timekeeper" */ = {
			isa = XCConfigurationList;
			buildConfigurations = (
				2106ABE923C775AE00D91724 /* Debug */,
				2106ABEA23C775AE00D91724 /* Release */,
			);
			defaultConfigurationIsVisible = 0;
			defaultConfigurationName = Release;
		};
		2106ABEB23C775AE00D91724 /* Build configuration list for PBXNativeTarget "TimekeeperTests" */ = {
			isa = XCConfigurationList;
			buildConfigurations = (
				2106ABEC23C775AE00D91724 /* Debug */,
				2106ABED23C775AE00D91724 /* Release */,
			);
			defaultConfigurationIsVisible = 0;
			defaultConfigurationName = Release;
		};
		2106ABEE23C775AE00D91724 /* Build configuration list for PBXNativeTarget "TimekeeperUITests" */ = {
			isa = XCConfigurationList;
			buildConfigurations = (
				2106ABEF23C775AE00D91724 /* Debug */,
				2106ABF023C775AE00D91724 /* Release */,
			);
			defaultConfigurationIsVisible = 0;
			defaultConfigurationName = Release;
		};
/* End XCConfigurationList section */

/* Begin XCVersionGroup section */
		211DAC5A23E19158006CA1D3 /* DataModel.xcdatamodeld */ = {
			isa = XCVersionGroup;
			children = (
				211DAC5B23E19158006CA1D3 /* DataModel.xcdatamodel */,
			);
			currentVersion = 211DAC5B23E19158006CA1D3 /* DataModel.xcdatamodel */;
			path = DataModel.xcdatamodeld;
			sourceTree = "<group>";
			versionGroupType = wrapper.xcdatamodel;
		};
/* End XCVersionGroup section */
	};
	rootObject = 2106ABB823C775AB00D91724 /* Project object */;
}
